// !$*UTF8*$!
{
	archiveVersion = 1;
	classes = {
	};
	objectVersion = 46;
	objects = {

/* Begin PBXBuildFile section */
		17E12E4D1E017ACE001A0232 /* FBSDKShareKit.framework in Frameworks */ = {isa = PBXBuildFile; fileRef = 17E12E4C1E017ACE001A0232 /* FBSDKShareKit.framework */; };
		17ED59001DF956D40041B4BE /* AppDelegate.swift in Sources */ = {isa = PBXBuildFile; fileRef = 17ED58FF1DF956D40041B4BE /* AppDelegate.swift */; };
		17ED59021DF956D40041B4BE /* ViewController.swift in Sources */ = {isa = PBXBuildFile; fileRef = 17ED59011DF956D40041B4BE /* ViewController.swift */; };
		17ED59051DF956D40041B4BE /* Main.storyboard in Resources */ = {isa = PBXBuildFile; fileRef = 17ED59031DF956D40041B4BE /* Main.storyboard */; };
		17ED59071DF956D40041B4BE /* Assets.xcassets in Resources */ = {isa = PBXBuildFile; fileRef = 17ED59061DF956D40041B4BE /* Assets.xcassets */; };
		17ED590A1DF956D40041B4BE /* LaunchScreen.storyboard in Resources */ = {isa = PBXBuildFile; fileRef = 17ED59081DF956D40041B4BE /* LaunchScreen.storyboard */; };
		17ED59131DF9589E0041B4BE /* FBSDKLoginKit.framework in Frameworks */ = {isa = PBXBuildFile; fileRef = 17ED59121DF9589E0041B4BE /* FBSDKLoginKit.framework */; };
		17ED59151DF958EA0041B4BE /* FBSDKCoreKit.framework in Frameworks */ = {isa = PBXBuildFile; fileRef = 17ED59141DF958EA0041B4BE /* FBSDKCoreKit.framework */; };
		17ED59171DF95A980041B4BE /* Bolts.framework in Frameworks */ = {isa = PBXBuildFile; fileRef = 17ED59161DF95A980041B4BE /* Bolts.framework */; };
/* End PBXBuildFile section */

/* Begin PBXFileReference section */
		17E12E4C1E017ACE001A0232 /* FBSDKShareKit.framework */ = {isa = PBXFileReference; lastKnownFileType = wrapper.framework; path = FBSDKShareKit.framework; sourceTree = "<group>"; };
		17ED58FC1DF956D40041B4BE /* SwiftFacebooklogin.app */ = {isa = PBXFileReference; explicitFileType = wrapper.application; includeInIndex = 0; path = SwiftFacebooklogin.app; sourceTree = BUILT_PRODUCTS_DIR; };
		17ED58FF1DF956D40041B4BE /* AppDelegate.swift */ = {isa = PBXFileReference; lastKnownFileType = sourcecode.swift; path = AppDelegate.swift; sourceTree = "<group>"; };
		17ED59011DF956D40041B4BE /* ViewController.swift */ = {isa = PBXFileReference; lastKnownFileType = sourcecode.swift; path = ViewController.swift; sourceTree = "<group>"; };
		17ED59041DF956D40041B4BE /* Base */ = {isa = PBXFileReference; lastKnownFileType = file.storyboard; name = Base; path = Base.lproj/Main.storyboard; sourceTree = "<group>"; };
		17ED59061DF956D40041B4BE /* Assets.xcassets */ = {isa = PBXFileReference; lastKnownFileType = folder.assetcatalog; path = Assets.xcassets; sourceTree = "<group>"; };
		17ED59091DF956D40041B4BE /* Base */ = {isa = PBXFileReference; lastKnownFileType = file.storyboard; name = Base; path = Base.lproj/LaunchScreen.storyboard; sourceTree = "<group>"; };
		17ED590B1DF956D40041B4BE /* Info.plist */ = {isa = PBXFileReference; lastKnownFileType = text.plist.xml; path = Info.plist; sourceTree = "<group>"; };
		17ED59121DF9589E0041B4BE /* FBSDKLoginKit.framework */ = {isa = PBXFileReference; lastKnownFileType = wrapper.framework; path = FBSDKLoginKit.framework; sourceTree = "<group>"; };
		17ED59141DF958EA0041B4BE /* FBSDKCoreKit.framework */ = {isa = PBXFileReference; lastKnownFileType = wrapper.framework; path = FBSDKCoreKit.framework; sourceTree = "<group>"; };
		17ED59161DF95A980041B4BE /* Bolts.framework */ = {isa = PBXFileReference; lastKnownFileType = wrapper.framework; path = Bolts.framework; sourceTree = "<group>"; };
/* End PBXFileReference section */

/* Begin PBXFrameworksBuildPhase section */
		17ED58F91DF956D40041B4BE /* Frameworks */ = {
			isa = PBXFrameworksBuildPhase;
			buildActionMask = 2147483647;
			files = (
				17E12E4D1E017ACE001A0232 /* FBSDKShareKit.framework in Frameworks */,
				17ED59171DF95A980041B4BE /* Bolts.framework in Frameworks */,
				17ED59131DF9589E0041B4BE /* FBSDKLoginKit.framework in Frameworks */,
				17ED59151DF958EA0041B4BE /* FBSDKCoreKit.framework in Frameworks */,
			);
			runOnlyForDeploymentPostprocessing = 0;
		};
/* End PBXFrameworksBuildPhase section */

/* Begin PBXGroup section */
		17ED58F31DF956D40041B4BE = {
			isa = PBXGroup;
			children = (
				17ED58FE1DF956D40041B4BE /* SwiftFacebooklogin */,
				17ED59111DF957DF0041B4BE /* Frameworks */,
				17ED58FD1DF956D40041B4BE /* Products */,
			);
			sourceTree = "<group>";
		};
		17ED58FD1DF956D40041B4BE /* Products */ = {
			isa = PBXGroup;
			children = (
				17ED58FC1DF956D40041B4BE /* SwiftFacebooklogin.app */,
			);
			name = Products;
			sourceTree = "<group>";
		};
		17ED58FE1DF956D40041B4BE /* SwiftFacebooklogin */ = {
			isa = PBXGroup;
			children = (
				17ED58FF1DF956D40041B4BE /* AppDelegate.swift */,
				17ED59011DF956D40041B4BE /* ViewController.swift */,
				17ED59031DF956D40041B4BE /* Main.storyboard */,
				17ED59061DF956D40041B4BE /* Assets.xcassets */,
				17ED59081DF956D40041B4BE /* LaunchScreen.storyboard */,
				17ED590B1DF956D40041B4BE /* Info.plist */,
			);
			path = SwiftFacebooklogin;
			sourceTree = "<group>";
		};
		17ED59111DF957DF0041B4BE /* Frameworks */ = {
			isa = PBXGroup;
			children = (
				17ED59161DF95A980041B4BE /* Bolts.framework */,
				17ED59141DF958EA0041B4BE /* FBSDKCoreKit.framework */,
				17E12E4C1E017ACE001A0232 /* FBSDKShareKit.framework */,
				17ED59121DF9589E0041B4BE /* FBSDKLoginKit.framework */,
			);
			name = Frameworks;
			path = SwiftFacebooklogin/Frameworks;
			sourceTree = "<group>";
		};
/* End PBXGroup section */

/* Begin PBXNativeTarget section */
		17ED58FB1DF956D40041B4BE /* SwiftFacebooklogin */ = {
			isa = PBXNativeTarget;
			buildConfigurationList = 17ED590E1DF956D40041B4BE /* Build configuration list for PBXNativeTarget "SwiftFacebooklogin" */;
			buildPhases = (
				17ED58F81DF956D40041B4BE /* Sources */,
				17ED58F91DF956D40041B4BE /* Frameworks */,
				17ED58FA1DF956D40041B4BE /* Resources */,
			);
			buildRules = (
			);
			dependencies = (
			);
			name = SwiftFacebooklogin;
			productName = SwiftFacebooklogin;
			productReference = 17ED58FC1DF956D40041B4BE /* SwiftFacebooklogin.app */;
			productType = "com.apple.product-type.application";
		};
/* End PBXNativeTarget section */

/* Begin PBXProject section */
		17ED58F41DF956D40041B4BE /* Project object */ = {
			isa = PBXProject;
			attributes = {
				LastSwiftUpdateCheck = 0810;
				LastUpgradeCheck = 0810;
				ORGANIZATIONNAME = Priyal;
				TargetAttributes = {
					17ED58FB1DF956D40041B4BE = {
						CreatedOnToolsVersion = 8.1;
						ProvisioningStyle = Automatic;
					};
				};
			};
			buildConfigurationList = 17ED58F71DF956D40041B4BE /* Build configuration list for PBXProject "SwiftFacebooklogin" */;
			compatibilityVersion = "Xcode 3.2";
			developmentRegion = English;
			hasScannedForEncodings = 0;
			knownRegions = (
				en,
				Base,
			);
			mainGroup = 17ED58F31DF956D40041B4BE;
			productRefGroup = 17ED58FD1DF956D40041B4BE /* Products */;
			projectDirPath = "";
			projectRoot = "";
			targets = (
				17ED58FB1DF956D40041B4BE /* SwiftFacebooklogin */,
			);
		};
/* End PBXProject section */

/* Begin PBXResourcesBuildPhase section */
		17ED58FA1DF956D40041B4BE /* Resources */ = {
			isa = PBXResourcesBuildPhase;
			buildActionMask = 2147483647;
			files = (
				17ED590A1DF956D40041B4BE /* LaunchScreen.storyboard in Resources */,
				17ED59071DF956D40041B4BE /* Assets.xcassets in Resources */,
				17ED59051DF956D40041B4BE /* Main.storyboard in Resources */,
			);
			runOnlyForDeploymentPostprocessing = 0;
		};
/* End PBXResourcesBuildPhase section */

/* Begin PBXSourcesBuildPhase section */
		17ED58F81DF956D40041B4BE /* Sources */ = {
			isa = PBXSourcesBuildPhase;
			buildActionMask = 2147483647;
			files = (
				17ED59021DF956D40041B4BE /* ViewController.swift in Sources */,
				17ED59001DF956D40041B4BE /* AppDelegate.swift in Sources */,
			);
			runOnlyForDeploymentPostprocessing = 0;
		};
/* End PBXSourcesBuildPhase section */

/* Begin PBXVariantGroup section */
		17ED59031DF956D40041B4BE /* Main.storyboard */ = {
			isa = PBXVariantGroup;
			children = (
				17ED59041DF956D40041B4BE /* Base */,
			);
			name = Main.storyboard;
			sourceTree = "<group>";
		};
		17ED59081DF956D40041B4BE /* LaunchScreen.storyboard */ = {
			isa = PBXVariantGroup;
			children = (
				17ED59091DF956D40041B4BE /* Base */,
			);
			name = LaunchScreen.storyboard;
			sourceTree = "<group>";
		};
/* End PBXVariantGroup section */

/* Begin XCBuildConfiguration section */
		17ED590C1DF956D40041B4BE /* Debug */ = {
			isa = XCBuildConfiguration;
			buildSettings = {
				ALWAYS_SEARCH_USER_PATHS = NO;
				CLANG_ANALYZER_NONNULL = YES;
				CLANG_CXX_LANGUAGE_STANDARD = "gnu++0x";
				CLANG_CXX_LIBRARY = "libc++";
				CLANG_ENABLE_MODULES = YES;
				CLANG_ENABLE_OBJC_ARC = YES;
				CLANG_WARN_BOOL_CONVERSION = YES;
				CLANG_WARN_CONSTANT_CONVERSION = YES;
				CLANG_WARN_DIRECT_OBJC_ISA_USAGE = YES_ERROR;
				CLANG_WARN_DOCUMENTATION_COMMENTS = YES;
				CLANG_WARN_EMPTY_BODY = YES;
				CLANG_WARN_ENUM_CONVERSION = YES;
				CLANG_WARN_INFINITE_RECURSION = YES;
				CLANG_WARN_INT_CONVERSION = YES;
				CLANG_WARN_OBJC_ROOT_CLASS = YES_ERROR;
				CLANG_WARN_SUSPICIOUS_MOVES = YES;
				CLANG_WARN_UNREACHABLE_CODE = YES;
				CLANG_WARN__DUPLICATE_METHOD_MATCH = YES;
				"CODE_SIGN_IDENTITY[sdk=iphoneos*]" = "iPhone Developer";
				COPY_PHASE_STRIP = NO;
				DEBUG_INFORMATION_FORMAT = dwarf;
				ENABLE_STRICT_OBJC_MSGSEND = YES;
				ENABLE_TESTABILITY = YES;
				GCC_C_LANGUAGE_STANDARD = gnu99;
				GCC_DYNAMIC_NO_PIC = NO;
				GCC_NO_COMMON_BLOCKS = YES;
				GCC_OPTIMIZATION_LEVEL = 0;
				GCC_PREPROCESSOR_DEFINITIONS = (
					"DEBUG=1",
					"$(inherited)",
				);
				GCC_WARN_64_TO_32_BIT_CONVERSION = YES;
				GCC_WARN_ABOUT_RETURN_TYPE = YES_ERROR;
				GCC_WARN_UNDECLARED_SELECTOR = YES;
				GCC_WARN_UNINITIALIZED_AUTOS = YES_AGGRESSIVE;
				GCC_WARN_UNUSED_FUNCTION = YES;
				GCC_WARN_UNUSED_VARIABLE = YES;
				IPHONEOS_DEPLOYMENT_TARGET = 10.0;
				MTL_ENABLE_DEBUG_INFO = YES;
				ONLY_ACTIVE_ARCH = YES;
				SDKROOT = iphoneos;
				SWIFT_ACTIVE_COMPILATION_CONDITIONS = DEBUG;
				SWIFT_OPTIMIZATION_LEVEL = "-Onone";
			};
			name = Debug;
		};
		17ED590D1DF956D40041B4BE /* Release */ = {
			isa = XCBuildConfiguration;
			buildSettings = {
				ALWAYS_SEARCH_USER_PATHS = NO;
				CLANG_ANALYZER_NONNULL = YES;
				CLANG_CXX_LANGUAGE_STANDARD = "gnu++0x";
				CLANG_CXX_LIBRARY = "libc++";
				CLANG_ENABLE_MODULES = YES;
				CLANG_ENABLE_OBJC_ARC = YES;
				CLANG_WARN_BOOL_CONVERSION = YES;
				CLANG_WARN_CONSTANT_CONVERSION = YES;
				CLANG_WARN_DIRECT_OBJC_ISA_USAGE = YES_ERROR;
				CLANG_WARN_DOCUMENTATION_COMMENTS = YES;
				CLANG_WARN_EMPTY_BODY = YES;
				CLANG_WARN_ENUM_CONVERSION = YES;
				CLANG_WARN_INFINITE_RECURSION = YES;
				CLANG_WARN_INT_CONVERSION = YES;
				CLANG_WARN_OBJC_ROOT_CLASS = YES_ERROR;
				CLANG_WARN_SUSPICIOUS_MOVES = YES;
				CLANG_WARN_UNREACHABLE_CODE = YES;
				CLANG_WARN__DUPLICATE_METHOD_MATCH = YES;
				"CODE_SIGN_IDENTITY[sdk=iphoneos*]" = "iPhone Developer";
				COPY_PHASE_STRIP = NO;
				DEBUG_INFORMATION_FORMAT = "dwarf-with-dsym";
				ENABLE_NS_ASSERTIONS = NO;
				ENABLE_STRICT_OBJC_MSGSEND = YES;
				GCC_C_LANGUAGE_STANDARD = gnu99;
				GCC_NO_COMMON_BLOCKS = YES;
				GCC_WARN_64_TO_32_BIT_CONVERSION = YES;
				GCC_WARN_ABOUT_RETURN_TYPE = YES_ERROR;
				GCC_WARN_UNDECLARED_SELECTOR = YES;
				GCC_WARN_UNINITIALIZED_AUTOS = YES_AGGRESSIVE;
				GCC_WARN_UNUSED_FUNCTION = YES;
				GCC_WARN_UNUSED_VARIABLE = YES;
				IPHONEOS_DEPLOYMENT_TARGET = 10.0;
				MTL_ENABLE_DEBUG_INFO = NO;
				SDKROOT = iphoneos;
				SWIFT_OPTIMIZATION_LEVEL = "-Owholemodule";
				VALIDATE_PRODUCT = YES;
			};
			name = Release;
		};
		17ED590F1DF956D40041B4BE /* Debug */ = {
			isa = XCBuildConfiguration;
			buildSettings = {
				ASSETCATALOG_COMPILER_APPICON_NAME = AppIcon;
				FRAMEWORK_SEARCH_PATHS = (
					"$(inherited)",
					"$(PROJECT_DIR)/SwiftFacebooklogin/Frameworks",
				);
				INFOPLIST_FILE = SwiftFacebooklogin/Info.plist;
				LD_RUNPATH_SEARCH_PATHS = "$(inherited) @executable_path/Frameworks";
				PRODUCT_BUNDLE_IDENTIFIER = com.facebooklogin.swift;
				PRODUCT_NAME = "$(TARGET_NAME)";
				SWIFT_VERSION = 3.0;
			};
			name = Debug;
		};
		17ED59101DF956D40041B4BE /* Release */ = {
			isa = XCBuildConfiguration;
			buildSettings = {
				ASSETCATALOG_COMPILER_APPICON_NAME = AppIcon;
				FRAMEWORK_SEARCH_PATHS = (
					"$(inherited)",
					"$(PROJECT_DIR)/SwiftFacebooklogin/Frameworks",
				);
				INFOPLIST_FILE = SwiftFacebooklogin/Info.plist;
				LD_RUNPATH_SEARCH_PATHS = "$(inherited) @executable_path/Frameworks";
				PRODUCT_BUNDLE_IDENTIFIER = com.facebooklogin.swift;
				PRODUCT_NAME = "$(TARGET_NAME)";
				SWIFT_VERSION = 3.0;
			};
			name = Release;
		};
/* End XCBuildConfiguration section */

/* Begin XCConfigurationList section */
		17ED58F71DF956D40041B4BE /* Build configuration list for PBXProject "SwiftFacebooklogin" */ = {
			isa = XCConfigurationList;
			buildConfigurations = (
				17ED590C1DF956D40041B4BE /* Debug */,
				17ED590D1DF956D40041B4BE /* Release */,
			);
			defaultConfigurationIsVisible = 0;
			defaultConfigurationName = Release;
		};
		17ED590E1DF956D40041B4BE /* Build configuration list for PBXNativeTarget "SwiftFacebooklogin" */ = {
			isa = XCConfigurationList;
			buildConfigurations = (
				17ED590F1DF956D40041B4BE /* Debug */,
				17ED59101DF956D40041B4BE /* Release */,
			);
			defaultConfigurationIsVisible = 0;
			defaultConfigurationName = Release;
		};
/* End XCConfigurationList section */
	};
	rootObject = 17ED58F41DF956D40041B4BE /* Project object */;
}
